// !$*UTF8*$!
{
	archiveVersion = 1;
	classes = {
	};
	objectVersion = 50;
	objects = {

/* Begin PBXBuildFile section */
		C45DB56B26474E52009BD81D /* AppDelegate.swift in Sources */ = {isa = PBXBuildFile; fileRef = C45DB56A26474E52009BD81D /* AppDelegate.swift */; };
		C45DB56D26474E52009BD81D /* SceneDelegate.swift in Sources */ = {isa = PBXBuildFile; fileRef = C45DB56C26474E52009BD81D /* SceneDelegate.swift */; };
		C45DB56F26474E52009BD81D /* ViewController.swift in Sources */ = {isa = PBXBuildFile; fileRef = C45DB56E26474E52009BD81D /* ViewController.swift */; };
		C45DB57226474E52009BD81D /* Main.storyboard in Resources */ = {isa = PBXBuildFile; fileRef = C45DB57026474E52009BD81D /* Main.storyboard */; };
		C45DB57526474E52009BD81D /* pokemon_go_app.xcdatamodeld in Sources */ = {isa = PBXBuildFile; fileRef = C45DB57326474E52009BD81D /* pokemon_go_app.xcdatamodeld */; };
		C45DB57726474E55009BD81D /* Assets.xcassets in Resources */ = {isa = PBXBuildFile; fileRef = C45DB57626474E55009BD81D /* Assets.xcassets */; };
		C45DB57A26474E55009BD81D /* LaunchScreen.storyboard in Resources */ = {isa = PBXBuildFile; fileRef = C45DB57826474E55009BD81D /* LaunchScreen.storyboard */; };
		C45DB58326474F5A009BD81D /* MapKit.framework in Frameworks */ = {isa = PBXBuildFile; fileRef = C45DB58226474F5A009BD81D /* MapKit.framework */; };
		C4F3891A264973E3003457F3 /* CoreDataPokemon.swift in Sources */ = {isa = PBXBuildFile; fileRef = C4F38919264973E3003457F3 /* CoreDataPokemon.swift */; };
		C4F3891C2649856A003457F3 /* PokemonAnnotation.swift in Sources */ = {isa = PBXBuildFile; fileRef = C4F3891B2649856A003457F3 /* PokemonAnnotation.swift */; };
		C4FF6498264C797500095CF6 /* PokeAgendaViewController.swift in Sources */ = {isa = PBXBuildFile; fileRef = C4FF6497264C797500095CF6 /* PokeAgendaViewController.swift */; };
/* End PBXBuildFile section */

/* Begin PBXFileReference section */
		C45DB56726474E52009BD81D /* Pokémon GO.app */ = {isa = PBXFileReference; explicitFileType = wrapper.application; includeInIndex = 0; path = "Pokémon GO.app"; sourceTree = BUILT_PRODUCTS_DIR; };
		C45DB56A26474E52009BD81D /* AppDelegate.swift */ = {isa = PBXFileReference; lastKnownFileType = sourcecode.swift; path = AppDelegate.swift; sourceTree = "<group>"; };
		C45DB56C26474E52009BD81D /* SceneDelegate.swift */ = {isa = PBXFileReference; lastKnownFileType = sourcecode.swift; path = SceneDelegate.swift; sourceTree = "<group>"; };
		C45DB56E26474E52009BD81D /* ViewController.swift */ = {isa = PBXFileReference; lastKnownFileType = sourcecode.swift; path = ViewController.swift; sourceTree = "<group>"; };
		C45DB57126474E52009BD81D /* Base */ = {isa = PBXFileReference; lastKnownFileType = file.storyboard; name = Base; path = Base.lproj/Main.storyboard; sourceTree = "<group>"; };
		C45DB57426474E52009BD81D /* pokemon_go_app.xcdatamodel */ = {isa = PBXFileReference; lastKnownFileType = wrapper.xcdatamodel; path = pokemon_go_app.xcdatamodel; sourceTree = "<group>"; };
		C45DB57626474E55009BD81D /* Assets.xcassets */ = {isa = PBXFileReference; lastKnownFileType = folder.assetcatalog; path = Assets.xcassets; sourceTree = "<group>"; };
		C45DB57926474E55009BD81D /* Base */ = {isa = PBXFileReference; lastKnownFileType = file.storyboard; name = Base; path = Base.lproj/LaunchScreen.storyboard; sourceTree = "<group>"; };
		C45DB57B26474E55009BD81D /* Info.plist */ = {isa = PBXFileReference; lastKnownFileType = text.plist.xml; path = Info.plist; sourceTree = "<group>"; };
		C45DB58226474F5A009BD81D /* MapKit.framework */ = {isa = PBXFileReference; lastKnownFileType = wrapper.framework; name = MapKit.framework; path = System/Library/Frameworks/MapKit.framework; sourceTree = SDKROOT; };
		C4F38919264973E3003457F3 /* CoreDataPokemon.swift */ = {isa = PBXFileReference; lastKnownFileType = sourcecode.swift; path = CoreDataPokemon.swift; sourceTree = "<group>"; };
		C4F3891B2649856A003457F3 /* PokemonAnnotation.swift */ = {isa = PBXFileReference; lastKnownFileType = sourcecode.swift; path = PokemonAnnotation.swift; sourceTree = "<group>"; };
		C4FF6497264C797500095CF6 /* PokeAgendaViewController.swift */ = {isa = PBXFileReference; lastKnownFileType = sourcecode.swift; path = PokeAgendaViewController.swift; sourceTree = "<group>"; };
/* End PBXFileReference section */

/* Begin PBXFrameworksBuildPhase section */
		C45DB56426474E52009BD81D /* Frameworks */ = {
			isa = PBXFrameworksBuildPhase;
			buildActionMask = 2147483647;
			files = (
				C45DB58326474F5A009BD81D /* MapKit.framework in Frameworks */,
			);
			runOnlyForDeploymentPostprocessing = 0;
		};
/* End PBXFrameworksBuildPhase section */

/* Begin PBXGroup section */
		C45DB55E26474E52009BD81D = {
			isa = PBXGroup;
			children = (
				C45DB56926474E52009BD81D /* pokemon-go-app */,
				C45DB56826474E52009BD81D /* Products */,
				C45DB58126474F5A009BD81D /* Frameworks */,
			);
			sourceTree = "<group>";
		};
		C45DB56826474E52009BD81D /* Products */ = {
			isa = PBXGroup;
			children = (
				C45DB56726474E52009BD81D /* Pokémon GO.app */,
			);
			name = Products;
			sourceTree = "<group>";
		};
		C45DB56926474E52009BD81D /* pokemon-go-app */ = {
			isa = PBXGroup;
			children = (
				C45DB56A26474E52009BD81D /* AppDelegate.swift */,
				C4D7BF522654021C0079C03C /* Resources */,
				C4D7BF56265405320079C03C /* Models */,
				C4D7BF54265402A60079C03C /* Views */,
				C4D7BF53265402720079C03C /* Controllers */,
				C45DB57626474E55009BD81D /* Assets.xcassets */,
				C45DB57B26474E55009BD81D /* Info.plist */,
				C45DB57326474E52009BD81D /* pokemon_go_app.xcdatamodeld */,
			);
			path = "pokemon-go-app";
			sourceTree = "<group>";
		};
		C45DB58126474F5A009BD81D /* Frameworks */ = {
			isa = PBXGroup;
			children = (
				C45DB58226474F5A009BD81D /* MapKit.framework */,
			);
			name = Frameworks;
			sourceTree = "<group>";
		};
		C4D7BF522654021C0079C03C /* Resources */ = {
			isa = PBXGroup;
			children = (
				C45DB56C26474E52009BD81D /* SceneDelegate.swift */,
				C4F3891B2649856A003457F3 /* PokemonAnnotation.swift */,
			);
			path = Resources;
			sourceTree = "<group>";
		};
		C4D7BF53265402720079C03C /* Controllers */ = {
			isa = PBXGroup;
			children = (
				C45DB56E26474E52009BD81D /* ViewController.swift */,
				C4FF6497264C797500095CF6 /* PokeAgendaViewController.swift */,
			);
			path = Controllers;
			sourceTree = "<group>";
		};
		C4D7BF54265402A60079C03C /* Views */ = {
			isa = PBXGroup;
			children = (
				C4D7BF55265402BE0079C03C /* Storyboards */,
			);
			path = Views;
			sourceTree = "<group>";
		};
		C4D7BF55265402BE0079C03C /* Storyboards */ = {
			isa = PBXGroup;
			children = (
				C45DB57026474E52009BD81D /* Main.storyboard */,
				C45DB57826474E55009BD81D /* LaunchScreen.storyboard */,
			);
			path = Storyboards;
			sourceTree = "<group>";
		};
		C4D7BF56265405320079C03C /* Models */ = {
			isa = PBXGroup;
			children = (
				C4F38919264973E3003457F3 /* CoreDataPokemon.swift */,
			);
			path = Models;
			sourceTree = "<group>";
		};
/* End PBXGroup section */

/* Begin PBXNativeTarget section */
		C45DB56626474E52009BD81D /* pokemon-go-app */ = {
			isa = PBXNativeTarget;
			buildConfigurationList = C45DB57E26474E55009BD81D /* Build configuration list for PBXNativeTarget "pokemon-go-app" */;
			buildPhases = (
				C45DB56326474E52009BD81D /* Sources */,
				C45DB56426474E52009BD81D /* Frameworks */,
				C45DB56526474E52009BD81D /* Resources */,
			);
			buildRules = (
			);
			dependencies = (
			);
			name = "pokemon-go-app";
			productName = "pokemon-go-app";
			productReference = C45DB56726474E52009BD81D /* Pokémon GO.app */;
			productType = "com.apple.product-type.application";
		};
/* End PBXNativeTarget section */

/* Begin PBXProject section */
		C45DB55F26474E52009BD81D /* Project object */ = {
			isa = PBXProject;
			attributes = {
				LastSwiftUpdateCheck = 1150;
				LastUpgradeCheck = 1150;
				ORGANIZATIONNAME = "Fernando Moreira";
				TargetAttributes = {
					C45DB56626474E52009BD81D = {
						CreatedOnToolsVersion = 11.5;
					};
				};
			};
			buildConfigurationList = C45DB56226474E52009BD81D /* Build configuration list for PBXProject "pokemon-go-app" */;
			compatibilityVersion = "Xcode 9.3";
			developmentRegion = en;
			hasScannedForEncodings = 0;
			knownRegions = (
				en,
				Base,
			);
			mainGroup = C45DB55E26474E52009BD81D;
			productRefGroup = C45DB56826474E52009BD81D /* Products */;
			projectDirPath = "";
			projectRoot = "";
			targets = (
				C45DB56626474E52009BD81D /* pokemon-go-app */,
			);
		};
/* End PBXProject section */

/* Begin PBXResourcesBuildPhase section */
		C45DB56526474E52009BD81D /* Resources */ = {
			isa = PBXResourcesBuildPhase;
			buildActionMask = 2147483647;
			files = (
				C45DB57A26474E55009BD81D /* LaunchScreen.storyboard in Resources */,
				C45DB57726474E55009BD81D /* Assets.xcassets in Resources */,
				C45DB57226474E52009BD81D /* Main.storyboard in Resources */,
			);
			runOnlyForDeploymentPostprocessing = 0;
		};
/* End PBXResourcesBuildPhase section */

/* Begin PBXSourcesBuildPhase section */
		C45DB56326474E52009BD81D /* Sources */ = {
			isa = PBXSourcesBuildPhase;
			buildActionMask = 2147483647;
			files = (
				C45DB56F26474E52009BD81D /* ViewController.swift in Sources */,
				C45DB57526474E52009BD81D /* pokemon_go_app.xcdatamodeld in Sources */,
				C4FF6498264C797500095CF6 /* PokeAgendaViewController.swift in Sources */,
				C45DB56B26474E52009BD81D /* AppDelegate.swift in Sources */,
				C45DB56D26474E52009BD81D /* SceneDelegate.swift in Sources */,
				C4F3891C2649856A003457F3 /* PokemonAnnotation.swift in Sources */,
				C4F3891A264973E3003457F3 /* CoreDataPokemon.swift in Sources */,
			);
			runOnlyForDeploymentPostprocessing = 0;
		};
/* End PBXSourcesBuildPhase section */

/* Begin PBXVariantGroup section */
		C45DB57026474E52009BD81D /* Main.storyboard */ = {
			isa = PBXVariantGroup;
			children = (
				C45DB57126474E52009BD81D /* Base */,
			);
			name = Main.storyboard;
			sourceTree = "<group>";
		};
		C45DB57826474E55009BD81D /* LaunchScreen.storyboard */ = {
			isa = PBXVariantGroup;
			children = (
				C45DB57926474E55009BD81D /* Base */,
			);
			name = LaunchScreen.storyboard;
			sourceTree = "<group>";
		};
/* End PBXVariantGroup section */

/* Begin XCBuildConfiguration section */
		C45DB57C26474E55009BD81D /* Debug */ = {
			isa = XCBuildConfiguration;
			buildSettings = {
				ALWAYS_SEARCH_USER_PATHS = NO;
				CLANG_ANALYZER_NONNULL = YES;
				CLANG_ANALYZER_NUMBER_OBJECT_CONVERSION = YES_AGGRESSIVE;
				CLANG_CXX_LANGUAGE_STANDARD = "gnu++14";
				CLANG_CXX_LIBRARY = "libc++";
				CLANG_ENABLE_MODULES = YES;
				CLANG_ENABLE_OBJC_ARC = YES;
				CLANG_ENABLE_OBJC_WEAK = YES;
				CLANG_WARN_BLOCK_CAPTURE_AUTORELEASING = YES;
				CLANG_WARN_BOOL_CONVERSION = YES;
				CLANG_WARN_COMMA = YES;
				CLANG_WARN_CONSTANT_CONVERSION = YES;
				CLANG_WARN_DEPRECATED_OBJC_IMPLEMENTATIONS = YES;
				CLANG_WARN_DIRECT_OBJC_ISA_USAGE = YES_ERROR;
				CLANG_WARN_DOCUMENTATION_COMMENTS = YES;
				CLANG_WARN_EMPTY_BODY = YES;
				CLANG_WARN_ENUM_CONVERSION = YES;
				CLANG_WARN_INFINITE_RECURSION = YES;
				CLANG_WARN_INT_CONVERSION = YES;
				CLANG_WARN_NON_LITERAL_NULL_CONVERSION = YES;
				CLANG_WARN_OBJC_IMPLICIT_RETAIN_SELF = YES;
				CLANG_WARN_OBJC_LITERAL_CONVERSION = YES;
				CLANG_WARN_OBJC_ROOT_CLASS = YES_ERROR;
				CLANG_WARN_RANGE_LOOP_ANALYSIS = YES;
				CLANG_WARN_STRICT_PROTOTYPES = YES;
				CLANG_WARN_SUSPICIOUS_MOVE = YES;
				CLANG_WARN_UNGUARDED_AVAILABILITY = YES_AGGRESSIVE;
				CLANG_WARN_UNREACHABLE_CODE = YES;
				CLANG_WARN__DUPLICATE_METHOD_MATCH = YES;
				COPY_PHASE_STRIP = NO;
				DEBUG_INFORMATION_FORMAT = dwarf;
				ENABLE_STRICT_OBJC_MSGSEND = YES;
				ENABLE_TESTABILITY = YES;
				GCC_C_LANGUAGE_STANDARD = gnu11;
				GCC_DYNAMIC_NO_PIC = NO;
				GCC_NO_COMMON_BLOCKS = YES;
				GCC_OPTIMIZATION_LEVEL = 0;
				GCC_PREPROCESSOR_DEFINITIONS = (
					"DEBUG=1",
					"$(inherited)",
				);
				GCC_WARN_64_TO_32_BIT_CONVERSION = YES;
				GCC_WARN_ABOUT_RETURN_TYPE = YES_ERROR;
				GCC_WARN_UNDECLARED_SELECTOR = YES;
				GCC_WARN_UNINITIALIZED_AUTOS = YES_AGGRESSIVE;
				GCC_WARN_UNUSED_FUNCTION = YES;
				GCC_WARN_UNUSED_VARIABLE = YES;
				IPHONEOS_DEPLOYMENT_TARGET = 13.5;
				MTL_ENABLE_DEBUG_INFO = INCLUDE_SOURCE;
				MTL_FAST_MATH = YES;
				ONLY_ACTIVE_ARCH = YES;
				SDKROOT = iphoneos;
				SWIFT_ACTIVE_COMPILATION_CONDITIONS = DEBUG;
				SWIFT_OPTIMIZATION_LEVEL = "-Onone";
			};
			name = Debug;
		};
		C45DB57D26474E55009BD81D /* Release */ = {
			isa = XCBuildConfiguration;
			buildSettings = {
				ALWAYS_SEARCH_USER_PATHS = NO;
				CLANG_ANALYZER_NONNULL = YES;
				CLANG_ANALYZER_NUMBER_OBJECT_CONVERSION = YES_AGGRESSIVE;
				CLANG_CXX_LANGUAGE_STANDARD = "gnu++14";
				CLANG_CXX_LIBRARY = "libc++";
				CLANG_ENABLE_MODULES = YES;
				CLANG_ENABLE_OBJC_ARC = YES;
				CLANG_ENABLE_OBJC_WEAK = YES;
				CLANG_WARN_BLOCK_CAPTURE_AUTORELEASING = YES;
				CLANG_WARN_BOOL_CONVERSION = YES;
				CLANG_WARN_COMMA = YES;
				CLANG_WARN_CONSTANT_CONVERSION = YES;
				CLANG_WARN_DEPRECATED_OBJC_IMPLEMENTATIONS = YES;
				CLANG_WARN_DIRECT_OBJC_ISA_USAGE = YES_ERROR;
				CLANG_WARN_DOCUMENTATION_COMMENTS = YES;
				CLANG_WARN_EMPTY_BODY = YES;
				CLANG_WARN_ENUM_CONVERSION = YES;
				CLANG_WARN_INFINITE_RECURSION = YES;
				CLANG_WARN_INT_CONVERSION = YES;
				CLANG_WARN_NON_LITERAL_NULL_CONVERSION = YES;
				CLANG_WARN_OBJC_IMPLICIT_RETAIN_SELF = YES;
				CLANG_WARN_OBJC_LITERAL_CONVERSION = YES;
				CLANG_WARN_OBJC_ROOT_CLASS = YES_ERROR;
				CLANG_WARN_RANGE_LOOP_ANALYSIS = YES;
				CLANG_WARN_STRICT_PROTOTYPES = YES;
				CLANG_WARN_SUSPICIOUS_MOVE = YES;
				CLANG_WARN_UNGUARDED_AVAILABILITY = YES_AGGRESSIVE;
				CLANG_WARN_UNREACHABLE_CODE = YES;
				CLANG_WARN__DUPLICATE_METHOD_MATCH = YES;
				COPY_PHASE_STRIP = NO;
				DEBUG_INFORMATION_FORMAT = "dwarf-with-dsym";
				ENABLE_NS_ASSERTIONS = NO;
				ENABLE_STRICT_OBJC_MSGSEND = YES;
				GCC_C_LANGUAGE_STANDARD = gnu11;
				GCC_NO_COMMON_BLOCKS = YES;
				GCC_WARN_64_TO_32_BIT_CONVERSION = YES;
				GCC_WARN_ABOUT_RETURN_TYPE = YES_ERROR;
				GCC_WARN_UNDECLARED_SELECTOR = YES;
				GCC_WARN_UNINITIALIZED_AUTOS = YES_AGGRESSIVE;
				GCC_WARN_UNUSED_FUNCTION = YES;
				GCC_WARN_UNUSED_VARIABLE = YES;
				IPHONEOS_DEPLOYMENT_TARGET = 13.5;
				MTL_ENABLE_DEBUG_INFO = NO;
				MTL_FAST_MATH = YES;
				SDKROOT = iphoneos;
				SWIFT_COMPILATION_MODE = wholemodule;
				SWIFT_OPTIMIZATION_LEVEL = "-O";
				VALIDATE_PRODUCT = YES;
			};
			name = Release;
		};
		C45DB57F26474E55009BD81D /* Debug */ = {
			isa = XCBuildConfiguration;
			buildSettings = {
				ASSETCATALOG_COMPILER_APPICON_NAME = AppIcon;
				CODE_SIGN_STYLE = Automatic;
				INFOPLIST_FILE = "pokemon-go-app/Info.plist";
				LD_RUNPATH_SEARCH_PATHS = (
					"$(inherited)",
					"@executable_path/Frameworks",
				);
				PRODUCT_BUNDLE_IDENTIFIER = "com.fernandomoreira.pokemon-go-app";
				PRODUCT_NAME = "Pokémon GO";
				SWIFT_VERSION = 5.0;
				TARGETED_DEVICE_FAMILY = "1,2";
			};
			name = Debug;
		};
		C45DB58026474E55009BD81D /* Release */ = {
			isa = XCBuildConfiguration;
			buildSettings = {
				ASSETCATALOG_COMPILER_APPICON_NAME = AppIcon;
				CODE_SIGN_STYLE = Automatic;
				INFOPLIST_FILE = "pokemon-go-app/Info.plist";
				LD_RUNPATH_SEARCH_PATHS = (
					"$(inherited)",
					"@executable_path/Frameworks",
				);
				PRODUCT_BUNDLE_IDENTIFIER = "com.fernandomoreira.pokemon-go-app";
				PRODUCT_NAME = "Pokémon GO";
				SWIFT_VERSION = 5.0;
				TARGETED_DEVICE_FAMILY = "1,2";
			};
			name = Release;
		};
/* End XCBuildConfiguration section */

/* Begin XCConfigurationList section */
		C45DB56226474E52009BD81D /* Build configuration list for PBXProject "pokemon-go-app" */ = {
			isa = XCConfigurationList;
			buildConfigurations = (
				C45DB57C26474E55009BD81D /* Debug */,
				C45DB57D26474E55009BD81D /* Release */,
			);
			defaultConfigurationIsVisible = 0;
			defaultConfigurationName = Release;
		};
		C45DB57E26474E55009BD81D /* Build configuration list for PBXNativeTarget "pokemon-go-app" */ = {
			isa = XCConfigurationList;
			buildConfigurations = (
				C45DB57F26474E55009BD81D /* Debug */,
				C45DB58026474E55009BD81D /* Release */,
			);
			defaultConfigurationIsVisible = 0;
			defaultConfigurationName = Release;
		};
/* End XCConfigurationList section */

/* Begin XCVersionGroup section */
		C45DB57326474E52009BD81D /* pokemon_go_app.xcdatamodeld */ = {
			isa = XCVersionGroup;
			children = (
				C45DB57426474E52009BD81D /* pokemon_go_app.xcdatamodel */,
			);
			currentVersion = C45DB57426474E52009BD81D /* pokemon_go_app.xcdatamodel */;
			path = pokemon_go_app.xcdatamodeld;
			sourceTree = "<group>";
			versionGroupType = wrapper.xcdatamodel;
		};
/* End XCVersionGroup section */
	};
	rootObject = C45DB55F26474E52009BD81D /* Project object */;
}
